hash: 6dd9f1ded0c624e7a9aa3e29a67250ed30ca11b584044b21ad030935e272fcff
updated: 2016-09-16T14:09:36.195008565+02:00
imports:
- name: github.com/golang/protobuf
  version: 1f49d83d9aa00e6ce4fc8258c71cc7786aec968a
  subpackages:
  - proto
- name: github.com/jackspirou/syscerts
  version: b68f5469dff16e102bd6a2d5b3e79341c938d736
- name: github.com/joho/godotenv
  version: a01a834e1654b4c9ca5b3ad05159445cc9c7ad08
  subpackages:
  - autoload
- name: github.com/kleister/kleister-go
  version: efe094841c78b9e0164bc83ba83303ed4ea8b4ad
  subpackages:
  - kleister
- name: github.com/urfave/cli
  version: a14d7d367bc02b1f57d88de97926727f2d936387
- name: github.com/vincent-petithory/dataurl
  version: 9a301d65acbb728fcc3ace14f45f511a4cfeea9c
- name: golang.org/x/net
  version: 71a035914f99bb58fe82eac0f1289f10963d876c
  subpackages:
  - context
- name: golang.org/x/oauth2
  version: 3c3a985cb79f52a3190fbc056984415ca6763d01
  subpackages:
  - internal
- name: google.golang.org/appengine
  version: 78199dcb0669fc381c22e919e1e97eba879e8f60
  subpackages:
  - internal
  - internal/base
  - internal/datastore
  - internal/log
  - internal/remote_api
  - internal/urlfetch
  - urlfetch
- name: gopkg.in/guregu/null.v3
  version: 41961cea0328defc5f95c1c473f89ebf0d1813f6
testImports: []
